// !$*UTF8*$!
{
	archiveVersion = 1;
	classes = {
	};
	objectVersion = 52;
	objects = {

/* Begin PBXBuildFile section */
		A62E530425D5387B0047C56D /* WineCellar.swift in Sources */ = {isa = PBXBuildFile; fileRef = A62E530325D5387B0047C56D /* WineCellar.swift */; };
		A62E530725D539690047C56D /* WineDetail.swift in Sources */ = {isa = PBXBuildFile; fileRef = A62E530625D539690047C56D /* WineDetail.swift */; };
		A69686ED25D1398E00E47F93 /* vin21App.swift in Sources */ = {isa = PBXBuildFile; fileRef = A69686EC25D1398E00E47F93 /* vin21App.swift */; };
		A69686EF25D1398E00E47F93 /* ContentView.swift in Sources */ = {isa = PBXBuildFile; fileRef = A69686EE25D1398E00E47F93 /* ContentView.swift */; };
		A69686F125D1399200E47F93 /* Assets.xcassets in Resources */ = {isa = PBXBuildFile; fileRef = A69686F025D1399200E47F93 /* Assets.xcassets */; };
		A69686F425D1399200E47F93 /* Preview Assets.xcassets in Resources */ = {isa = PBXBuildFile; fileRef = A69686F325D1399200E47F93 /* Preview Assets.xcassets */; };
		A69686FD25D13AF100E47F93 /* GoogleService-Info.plist in Resources */ = {isa = PBXBuildFile; fileRef = A69686FC25D13AF100E47F93 /* GoogleService-Info.plist */; };
		A696870125D13FEE00E47F93 /* FirebaseAuth in Frameworks */ = {isa = PBXBuildFile; productRef = A696870025D13FEE00E47F93 /* FirebaseAuth */; };
		A696870325D13FEE00E47F93 /* FirebaseFirestoreSwift-Beta in Frameworks */ = {isa = PBXBuildFile; productRef = A696870225D13FEE00E47F93 /* FirebaseFirestoreSwift-Beta */; };
		A696870625D16F9C00E47F93 /* Model.swift in Sources */ = {isa = PBXBuildFile; fileRef = A696870525D16F9C00E47F93 /* Model.swift */; };
		A696870925D17F6600E47F93 /* LoginView.swift in Sources */ = {isa = PBXBuildFile; fileRef = A696870825D17F6600E47F93 /* LoginView.swift */; };
		A6DD6FBC25D681AC00908F4F /* HomeView.swift in Sources */ = {isa = PBXBuildFile; fileRef = A6DD6FBB25D681AC00908F4F /* HomeView.swift */; };
		A6DD6FBF25D6839200908F4F /* MyWines.swift in Sources */ = {isa = PBXBuildFile; fileRef = A6DD6FBE25D6839200908F4F /* MyWines.swift */; };
		A6DD6FC225D683F800908F4F /* SearchView.swift in Sources */ = {isa = PBXBuildFile; fileRef = A6DD6FC125D683F800908F4F /* SearchView.swift */; };
		A6DD6FC525D6939400908F4F /* Etagere.swift in Sources */ = {isa = PBXBuildFile; fileRef = A6DD6FC425D6939400908F4F /* Etagere.swift */; };
		A6DD6FC825D695CC00908F4F /* FirebasePublishers.swift in Sources */ = {isa = PBXBuildFile; fileRef = A6DD6FC725D695CC00908F4F /* FirebasePublishers.swift */; };
		A6DD6FCC25D69A7400908F4F /* EtagereView.swift in Sources */ = {isa = PBXBuildFile; fileRef = A6DD6FCB25D69A7400908F4F /* EtagereView.swift */; };
		A6F2F27325D3DFAD002C3D92 /* Wine.swift in Sources */ = {isa = PBXBuildFile; fileRef = A6F2F27225D3DFAD002C3D92 /* Wine.swift */; };
		A6F2F27725D40F1F002C3D92 /* WineView.swift in Sources */ = {isa = PBXBuildFile; fileRef = A6F2F27625D40F1F002C3D92 /* WineView.swift */; };
/* End PBXBuildFile section */

/* Begin PBXFileReference section */
		A62E530325D5387B0047C56D /* WineCellar.swift */ = {isa = PBXFileReference; lastKnownFileType = sourcecode.swift; path = WineCellar.swift; sourceTree = "<group>"; };
		A62E530625D539690047C56D /* WineDetail.swift */ = {isa = PBXFileReference; lastKnownFileType = sourcecode.swift; path = WineDetail.swift; sourceTree = "<group>"; };
		A69686E925D1398E00E47F93 /* vin21.app */ = {isa = PBXFileReference; explicitFileType = wrapper.application; includeInIndex = 0; path = vin21.app; sourceTree = BUILT_PRODUCTS_DIR; };
		A69686EC25D1398E00E47F93 /* vin21App.swift */ = {isa = PBXFileReference; lastKnownFileType = sourcecode.swift; path = vin21App.swift; sourceTree = "<group>"; };
		A69686EE25D1398E00E47F93 /* ContentView.swift */ = {isa = PBXFileReference; lastKnownFileType = sourcecode.swift; path = ContentView.swift; sourceTree = "<group>"; };
		A69686F025D1399200E47F93 /* Assets.xcassets */ = {isa = PBXFileReference; lastKnownFileType = folder.assetcatalog; path = Assets.xcassets; sourceTree = "<group>"; };
		A69686F325D1399200E47F93 /* Preview Assets.xcassets */ = {isa = PBXFileReference; lastKnownFileType = folder.assetcatalog; path = "Preview Assets.xcassets"; sourceTree = "<group>"; };
		A69686F525D1399200E47F93 /* Info.plist */ = {isa = PBXFileReference; lastKnownFileType = text.plist.xml; path = Info.plist; sourceTree = "<group>"; };
		A69686FC25D13AF100E47F93 /* GoogleService-Info.plist */ = {isa = PBXFileReference; fileEncoding = 4; lastKnownFileType = text.plist.xml; name = "GoogleService-Info.plist"; path = "../../../../Downloads/GoogleService-Info.plist"; sourceTree = "<group>"; };
		A696870525D16F9C00E47F93 /* Model.swift */ = {isa = PBXFileReference; lastKnownFileType = sourcecode.swift; path = Model.swift; sourceTree = "<group>"; };
		A696870825D17F6600E47F93 /* LoginView.swift */ = {isa = PBXFileReference; lastKnownFileType = sourcecode.swift; path = LoginView.swift; sourceTree = "<group>"; };
		A6DD6FBB25D681AC00908F4F /* HomeView.swift */ = {isa = PBXFileReference; lastKnownFileType = sourcecode.swift; path = HomeView.swift; sourceTree = "<group>"; };
		A6DD6FBE25D6839200908F4F /* MyWines.swift */ = {isa = PBXFileReference; lastKnownFileType = sourcecode.swift; path = MyWines.swift; sourceTree = "<group>"; };
		A6DD6FC125D683F800908F4F /* SearchView.swift */ = {isa = PBXFileReference; lastKnownFileType = sourcecode.swift; path = SearchView.swift; sourceTree = "<group>"; };
		A6DD6FC425D6939400908F4F /* Etagere.swift */ = {isa = PBXFileReference; lastKnownFileType = sourcecode.swift; path = Etagere.swift; sourceTree = "<group>"; };
		A6DD6FC725D695CC00908F4F /* FirebasePublishers.swift */ = {isa = PBXFileReference; lastKnownFileType = sourcecode.swift; path = FirebasePublishers.swift; sourceTree = "<group>"; };
		A6DD6FCB25D69A7400908F4F /* EtagereView.swift */ = {isa = PBXFileReference; lastKnownFileType = sourcecode.swift; path = EtagereView.swift; sourceTree = "<group>"; };
		A6F2F27225D3DFAD002C3D92 /* Wine.swift */ = {isa = PBXFileReference; lastKnownFileType = sourcecode.swift; path = Wine.swift; sourceTree = "<group>"; };
		A6F2F27625D40F1F002C3D92 /* WineView.swift */ = {isa = PBXFileReference; lastKnownFileType = sourcecode.swift; path = WineView.swift; sourceTree = "<group>"; };
/* End PBXFileReference section */

/* Begin PBXFrameworksBuildPhase section */
		A69686E625D1398E00E47F93 /* Frameworks */ = {
			isa = PBXFrameworksBuildPhase;
			buildActionMask = 2147483647;
			files = (
				A696870125D13FEE00E47F93 /* FirebaseAuth in Frameworks */,
				A696870325D13FEE00E47F93 /* FirebaseFirestoreSwift-Beta in Frameworks */,
			);
			runOnlyForDeploymentPostprocessing = 0;
		};
/* End PBXFrameworksBuildPhase section */

/* Begin PBXGroup section */
		A69686E025D1398E00E47F93 = {
			isa = PBXGroup;
			children = (
				A69686EB25D1398E00E47F93 /* vin21 */,
				A69686EA25D1398E00E47F93 /* Products */,
			);
			sourceTree = "<group>";
		};
		A69686EA25D1398E00E47F93 /* Products */ = {
			isa = PBXGroup;
			children = (
				A69686E925D1398E00E47F93 /* vin21.app */,
			);
			name = Products;
			sourceTree = "<group>";
		};
		A69686EB25D1398E00E47F93 /* vin21 */ = {
			isa = PBXGroup;
			children = (
				A69686EC25D1398E00E47F93 /* vin21App.swift */,
				A6DD6FCE25D69A8000908F4F /* Views */,
				A6DD6FCF25D69AA000908F4F /* Models */,
				A69686F025D1399200E47F93 /* Assets.xcassets */,
				A69686F525D1399200E47F93 /* Info.plist */,
				A69686FC25D13AF100E47F93 /* GoogleService-Info.plist */,
				A69686F225D1399200E47F93 /* Preview Content */,
			);
			path = vin21;
			sourceTree = "<group>";
		};
		A69686F225D1399200E47F93 /* Preview Content */ = {
			isa = PBXGroup;
			children = (
				A69686F325D1399200E47F93 /* Preview Assets.xcassets */,
			);
			path = "Preview Content";
			sourceTree = "<group>";
		};
		A6DD6FCE25D69A8000908F4F /* Views */ = {
			isa = PBXGroup;
			children = (
				A69686EE25D1398E00E47F93 /* ContentView.swift */,
				A6DD6FD025D69AF300908F4F /* TabViews */,
				A62E530625D539690047C56D /* WineDetail.swift */,
				A6DD6FCB25D69A7400908F4F /* EtagereView.swift */,
				A6F2F27625D40F1F002C3D92 /* WineView.swift */,
				A696870825D17F6600E47F93 /* LoginView.swift */,
			);
			path = Views;
			sourceTree = "<group>";
		};
		A6DD6FCF25D69AA000908F4F /* Models */ = {
			isa = PBXGroup;
			children = (
				A6DD6FC725D695CC00908F4F /* FirebasePublishers.swift */,
				A696870525D16F9C00E47F93 /* Model.swift */,
				A6DD6FC425D6939400908F4F /* Etagere.swift */,
				A6F2F27225D3DFAD002C3D92 /* Wine.swift */,
			);
			path = Models;
			sourceTree = "<group>";
		};
		A6DD6FD025D69AF300908F4F /* TabViews */ = {
			isa = PBXGroup;
			children = (
				A6DD6FBB25D681AC00908F4F /* HomeView.swift */,
				A62E530325D5387B0047C56D /* WineCellar.swift */,
				A6DD6FBE25D6839200908F4F /* MyWines.swift */,
				A6DD6FC125D683F800908F4F /* SearchView.swift */,
			);
			path = TabViews;
			sourceTree = "<group>";
		};
/* End PBXGroup section */

/* Begin PBXNativeTarget section */
		A69686E825D1398E00E47F93 /* vin21 */ = {
			isa = PBXNativeTarget;
			buildConfigurationList = A69686F825D1399200E47F93 /* Build configuration list for PBXNativeTarget "vin21" */;
			buildPhases = (
				A69686E525D1398E00E47F93 /* Sources */,
				A69686E625D1398E00E47F93 /* Frameworks */,
				A69686E725D1398E00E47F93 /* Resources */,
			);
			buildRules = (
			);
			dependencies = (
			);
			name = vin21;
			packageProductDependencies = (
				A696870025D13FEE00E47F93 /* FirebaseAuth */,
				A696870225D13FEE00E47F93 /* FirebaseFirestoreSwift-Beta */,
			);
			productName = vin21;
			productReference = A69686E925D1398E00E47F93 /* vin21.app */;
			productType = "com.apple.product-type.application";
		};
/* End PBXNativeTarget section */

/* Begin PBXProject section */
		A69686E125D1398E00E47F93 /* Project object */ = {
			isa = PBXProject;
			attributes = {
				LastSwiftUpdateCheck = 1240;
				LastUpgradeCheck = 1240;
				TargetAttributes = {
					A69686E825D1398E00E47F93 = {
						CreatedOnToolsVersion = 12.4;
					};
				};
			};
			buildConfigurationList = A69686E425D1398E00E47F93 /* Build configuration list for PBXProject "vin21" */;
			compatibilityVersion = "Xcode 9.3";
			developmentRegion = en;
			hasScannedForEncodings = 0;
			knownRegions = (
				en,
				Base,
			);
			mainGroup = A69686E025D1398E00E47F93;
			packageReferences = (
				A69686FF25D13FEE00E47F93 /* XCRemoteSwiftPackageReference "firebase-ios-sdk" */,
			);
			productRefGroup = A69686EA25D1398E00E47F93 /* Products */;
			projectDirPath = "";
			projectRoot = "";
			targets = (
				A69686E825D1398E00E47F93 /* vin21 */,
			);
		};
/* End PBXProject section */

/* Begin PBXResourcesBuildPhase section */
		A69686E725D1398E00E47F93 /* Resources */ = {
			isa = PBXResourcesBuildPhase;
			buildActionMask = 2147483647;
			files = (
				A69686F425D1399200E47F93 /* Preview Assets.xcassets in Resources */,
				A69686F125D1399200E47F93 /* Assets.xcassets in Resources */,
				A69686FD25D13AF100E47F93 /* GoogleService-Info.plist in Resources */,
			);
			runOnlyForDeploymentPostprocessing = 0;
		};
/* End PBXResourcesBuildPhase section */

/* Begin PBXSourcesBuildPhase section */
		A69686E525D1398E00E47F93 /* Sources */ = {
			isa = PBXSourcesBuildPhase;
			buildActionMask = 2147483647;
			files = (
				A6DD6FBF25D6839200908F4F /* MyWines.swift in Sources */,
				A6DD6FC525D6939400908F4F /* Etagere.swift in Sources */,
				A6DD6FBC25D681AC00908F4F /* HomeView.swift in Sources */,
				A696870625D16F9C00E47F93 /* Model.swift in Sources */,
				A62E530725D539690047C56D /* WineDetail.swift in Sources */,
				A62E530425D5387B0047C56D /* WineCellar.swift in Sources */,
				A6F2F27725D40F1F002C3D92 /* WineView.swift in Sources */,
				A6F2F27325D3DFAD002C3D92 /* Wine.swift in Sources */,
				A6DD6FC825D695CC00908F4F /* FirebasePublishers.swift in Sources */,
				A69686EF25D1398E00E47F93 /* ContentView.swift in Sources */,
				A6DD6FCC25D69A7400908F4F /* EtagereView.swift in Sources */,
				A696870925D17F6600E47F93 /* LoginView.swift in Sources */,
				A69686ED25D1398E00E47F93 /* vin21App.swift in Sources */,
				A6DD6FC225D683F800908F4F /* SearchView.swift in Sources */,
			);
			runOnlyForDeploymentPostprocessing = 0;
		};
/* End PBXSourcesBuildPhase section */

/* Begin XCBuildConfiguration section */
		A69686F625D1399200E47F93 /* Debug */ = {
			isa = XCBuildConfiguration;
			buildSettings = {
				ALWAYS_SEARCH_USER_PATHS = NO;
				CLANG_ANALYZER_NONNULL = YES;
				CLANG_ANALYZER_NUMBER_OBJECT_CONVERSION = YES_AGGRESSIVE;
				CLANG_CXX_LANGUAGE_STANDARD = "gnu++14";
				CLANG_CXX_LIBRARY = "libc++";
				CLANG_ENABLE_MODULES = YES;
				CLANG_ENABLE_OBJC_ARC = YES;
				CLANG_ENABLE_OBJC_WEAK = YES;
				CLANG_WARN_BLOCK_CAPTURE_AUTORELEASING = YES;
				CLANG_WARN_BOOL_CONVERSION = YES;
				CLANG_WARN_COMMA = YES;
				CLANG_WARN_CONSTANT_CONVERSION = YES;
				CLANG_WARN_DEPRECATED_OBJC_IMPLEMENTATIONS = YES;
				CLANG_WARN_DIRECT_OBJC_ISA_USAGE = YES_ERROR;
				CLANG_WARN_DOCUMENTATION_COMMENTS = YES;
				CLANG_WARN_EMPTY_BODY = YES;
				CLANG_WARN_ENUM_CONVERSION = YES;
				CLANG_WARN_INFINITE_RECURSION = YES;
				CLANG_WARN_INT_CONVERSION = YES;
				CLANG_WARN_NON_LITERAL_NULL_CONVERSION = YES;
				CLANG_WARN_OBJC_IMPLICIT_RETAIN_SELF = YES;
				CLANG_WARN_OBJC_LITERAL_CONVERSION = YES;
				CLANG_WARN_OBJC_ROOT_CLASS = YES_ERROR;
				CLANG_WARN_QUOTED_INCLUDE_IN_FRAMEWORK_HEADER = YES;
				CLANG_WARN_RANGE_LOOP_ANALYSIS = YES;
				CLANG_WARN_STRICT_PROTOTYPES = YES;
				CLANG_WARN_SUSPICIOUS_MOVE = YES;
				CLANG_WARN_UNGUARDED_AVAILABILITY = YES_AGGRESSIVE;
				CLANG_WARN_UNREACHABLE_CODE = YES;
				CLANG_WARN__DUPLICATE_METHOD_MATCH = YES;
				COPY_PHASE_STRIP = NO;
				DEBUG_INFORMATION_FORMAT = dwarf;
				ENABLE_STRICT_OBJC_MSGSEND = YES;
				ENABLE_TESTABILITY = YES;
				GCC_C_LANGUAGE_STANDARD = gnu11;
				GCC_DYNAMIC_NO_PIC = NO;
				GCC_NO_COMMON_BLOCKS = YES;
				GCC_OPTIMIZATION_LEVEL = 0;
				GCC_PREPROCESSOR_DEFINITIONS = (
					"DEBUG=1",
					"$(inherited)",
				);
				GCC_WARN_64_TO_32_BIT_CONVERSION = YES;
				GCC_WARN_ABOUT_RETURN_TYPE = YES_ERROR;
				GCC_WARN_UNDECLARED_SELECTOR = YES;
				GCC_WARN_UNINITIALIZED_AUTOS = YES_AGGRESSIVE;
				GCC_WARN_UNUSED_FUNCTION = YES;
				GCC_WARN_UNUSED_VARIABLE = YES;
				IPHONEOS_DEPLOYMENT_TARGET = 14.4;
				MTL_ENABLE_DEBUG_INFO = INCLUDE_SOURCE;
				MTL_FAST_MATH = YES;
				ONLY_ACTIVE_ARCH = YES;
				SDKROOT = iphoneos;
				SWIFT_ACTIVE_COMPILATION_CONDITIONS = DEBUG;
				SWIFT_OPTIMIZATION_LEVEL = "-Onone";
			};
			name = Debug;
		};
		A69686F725D1399200E47F93 /* Release */ = {
			isa = XCBuildConfiguration;
			buildSettings = {
				ALWAYS_SEARCH_USER_PATHS = NO;
				CLANG_ANALYZER_NONNULL = YES;
				CLANG_ANALYZER_NUMBER_OBJECT_CONVERSION = YES_AGGRESSIVE;
				CLANG_CXX_LANGUAGE_STANDARD = "gnu++14";
				CLANG_CXX_LIBRARY = "libc++";
				CLANG_ENABLE_MODULES = YES;
				CLANG_ENABLE_OBJC_ARC = YES;
				CLANG_ENABLE_OBJC_WEAK = YES;
				CLANG_WARN_BLOCK_CAPTURE_AUTORELEASING = YES;
				CLANG_WARN_BOOL_CONVERSION = YES;
				CLANG_WARN_COMMA = YES;
				CLANG_WARN_CONSTANT_CONVERSION = YES;
				CLANG_WARN_DEPRECATED_OBJC_IMPLEMENTATIONS = YES;
				CLANG_WARN_DIRECT_OBJC_ISA_USAGE = YES_ERROR;
				CLANG_WARN_DOCUMENTATION_COMMENTS = YES;
				CLANG_WARN_EMPTY_BODY = YES;
				CLANG_WARN_ENUM_CONVERSION = YES;
				CLANG_WARN_INFINITE_RECURSION = YES;
				CLANG_WARN_INT_CONVERSION = YES;
				CLANG_WARN_NON_LITERAL_NULL_CONVERSION = YES;
				CLANG_WARN_OBJC_IMPLICIT_RETAIN_SELF = YES;
				CLANG_WARN_OBJC_LITERAL_CONVERSION = YES;
				CLANG_WARN_OBJC_ROOT_CLASS = YES_ERROR;
				CLANG_WARN_QUOTED_INCLUDE_IN_FRAMEWORK_HEADER = YES;
				CLANG_WARN_RANGE_LOOP_ANALYSIS = YES;
				CLANG_WARN_STRICT_PROTOTYPES = YES;
				CLANG_WARN_SUSPICIOUS_MOVE = YES;
				CLANG_WARN_UNGUARDED_AVAILABILITY = YES_AGGRESSIVE;
				CLANG_WARN_UNREACHABLE_CODE = YES;
				CLANG_WARN__DUPLICATE_METHOD_MATCH = YES;
				COPY_PHASE_STRIP = NO;
				DEBUG_INFORMATION_FORMAT = "dwarf-with-dsym";
				ENABLE_NS_ASSERTIONS = NO;
				ENABLE_STRICT_OBJC_MSGSEND = YES;
				GCC_C_LANGUAGE_STANDARD = gnu11;
				GCC_NO_COMMON_BLOCKS = YES;
				GCC_WARN_64_TO_32_BIT_CONVERSION = YES;
				GCC_WARN_ABOUT_RETURN_TYPE = YES_ERROR;
				GCC_WARN_UNDECLARED_SELECTOR = YES;
				GCC_WARN_UNINITIALIZED_AUTOS = YES_AGGRESSIVE;
				GCC_WARN_UNUSED_FUNCTION = YES;
				GCC_WARN_UNUSED_VARIABLE = YES;
				IPHONEOS_DEPLOYMENT_TARGET = 14.4;
				MTL_ENABLE_DEBUG_INFO = NO;
				MTL_FAST_MATH = YES;
				SDKROOT = iphoneos;
				SWIFT_COMPILATION_MODE = wholemodule;
				SWIFT_OPTIMIZATION_LEVEL = "-O";
				VALIDATE_PRODUCT = YES;
			};
			name = Release;
		};
		A69686F925D1399200E47F93 /* Debug */ = {
			isa = XCBuildConfiguration;
			buildSettings = {
				ASSETCATALOG_COMPILER_APPICON_NAME = AppIcon;
				ASSETCATALOG_COMPILER_GLOBAL_ACCENT_COLOR_NAME = AccentColor;
				CODE_SIGN_STYLE = Automatic;
				DEVELOPMENT_ASSET_PATHS = "\"vin21/Preview Content\"";
				ENABLE_PREVIEWS = YES;
				INFOPLIST_FILE = vin21/Info.plist;
				IPHONEOS_DEPLOYMENT_TARGET = 14.0;
				LD_RUNPATH_SEARCH_PATHS = (
					"$(inherited)",
					"@executable_path/Frameworks",
				);
				PRODUCT_BUNDLE_IDENTIFIER = cyu.margaux.vin21;
				PRODUCT_NAME = "$(TARGET_NAME)";
				SWIFT_VERSION = 5.0;
				TARGETED_DEVICE_FAMILY = "1,2";
			};
			name = Debug;
		};
		A69686FA25D1399200E47F93 /* Release */ = {
			isa = XCBuildConfiguration;
			buildSettings = {
				ASSETCATALOG_COMPILER_APPICON_NAME = AppIcon;
				ASSETCATALOG_COMPILER_GLOBAL_ACCENT_COLOR_NAME = AccentColor;
				CODE_SIGN_STYLE = Automatic;
				DEVELOPMENT_ASSET_PATHS = "\"vin21/Preview Content\"";
				ENABLE_PREVIEWS = YES;
				INFOPLIST_FILE = vin21/Info.plist;
				IPHONEOS_DEPLOYMENT_TARGET = 14.0;
				LD_RUNPATH_SEARCH_PATHS = (
					"$(inherited)",
					"@executable_path/Frameworks",
				);
				PRODUCT_BUNDLE_IDENTIFIER = cyu.margaux.vin21;
				PRODUCT_NAME = "$(TARGET_NAME)";
				SWIFT_VERSION = 5.0;
				TARGETED_DEVICE_FAMILY = "1,2";
			};
			name = Release;
		};
/* End XCBuildConfiguration section */

/* Begin XCConfigurationList section */
		A69686E425D1398E00E47F93 /* Build configuration list for PBXProject "vin21" */ = {
			isa = XCConfigurationList;
			buildConfigurations = (
				A69686F625D1399200E47F93 /* Debug */,
				A69686F725D1399200E47F93 /* Release */,
			);
			defaultConfigurationIsVisible = 0;
			defaultConfigurationName = Release;
		};
		A69686F825D1399200E47F93 /* Build configuration list for PBXNativeTarget "vin21" */ = {
			isa = XCConfigurationList;
			buildConfigurations = (
				A69686F925D1399200E47F93 /* Debug */,
				A69686FA25D1399200E47F93 /* Release */,
			);
			defaultConfigurationIsVisible = 0;
			defaultConfigurationName = Release;
		};
/* End XCConfigurationList section */

/* Begin XCRemoteSwiftPackageReference section */
		A69686FF25D13FEE00E47F93 /* XCRemoteSwiftPackageReference "firebase-ios-sdk" */ = {
			isa = XCRemoteSwiftPackageReference;
			repositoryURL = "https://github.com/firebase/firebase-ios-sdk.git";
			requirement = {
				kind = upToNextMajorVersion;
				minimumVersion = 7.5.1;
			};
		};
/* End XCRemoteSwiftPackageReference section */

/* Begin XCSwiftPackageProductDependency section */
		A696870025D13FEE00E47F93 /* FirebaseAuth */ = {
			isa = XCSwiftPackageProductDependency;
			package = A69686FF25D13FEE00E47F93 /* XCRemoteSwiftPackageReference "firebase-ios-sdk" */;
			productName = FirebaseAuth;
		};
		A696870225D13FEE00E47F93 /* FirebaseFirestoreSwift-Beta */ = {
			isa = XCSwiftPackageProductDependency;
			package = A69686FF25D13FEE00E47F93 /* XCRemoteSwiftPackageReference "firebase-ios-sdk" */;
			productName = "FirebaseFirestoreSwift-Beta";
		};
/* End XCSwiftPackageProductDependency section */
	};
	rootObject = A69686E125D1398E00E47F93 /* Project object */;
}
